
Microsoft Visual Studio Solution File, Format Version 12.00
# Visual Studio 15
VisualStudioVersion = 15.0.28307.1705
MinimumVisualStudioVersion = 10.0.40219.1
Project("{FAE04EC0-301F-11D3-BF4B-00C04F79EFBC}") = "ClientProxy-P4-20190140103", "ClientProxy-P4-20190140103\ClientProxy-P4-20190140103.csproj", "{62EAAC17-7A81-4FF1-86D7-24470AE9380D}"
EndProject
Global
	GlobalSection(SolutionConfigurationPlatforms) = preSolution
		Debug|Any CPU = Debug|Any CPU
		Release|Any CPU = Release|Any CPU
	EndGlobalSection
	GlobalSection(ProjectConfigurationPlatforms) = postSolution
		{62EAAC17-7A81-4FF1-86D7-24470AE9380D}.Debug|Any CPU.ActiveCfg = Debug|Any CPU
		{62EAAC17-7A81-4FF1-86D7-24470AE9380D}.Debug|Any CPU.Build.0 = Debug|Any CPU
		{62EAAC17-7A81-4FF1-86D7-24470AE9380D}.Release|Any CPU.ActiveCfg = Release|Any CPU
		{62EAAC17-7A81-4FF1-86D7-24470AE9380D}.Release|Any CPU.Build.0 = Release|Any CPU
	EndGlobalSection
	GlobalSection(SolutionProperties) = preSolution
		HideSolutionNode = FALSE
	EndGlobalSection
	GlobalSection(ExtensibilityGlobals) = postSolution
		SolutionGuid = {955558D0-37DF-4E8F-8279-4F1DC98AC7A8}
	EndGlobalSection
EndGlobal
